
Microsoft Visual Studio Solution File, Format Version 12.00
# Visual Studio Version 17
VisualStudioVersion = 17.6.33927.249
MinimumVisualStudioVersion = 10.0.40219.1
Project("{FAE04EC0-301F-11D3-BF4B-00C04F79EFBC}") = "OutRefExamples", "OutRefExamples\OutRefExamples.csproj", "{623E2F8F-D833-4B2A-8E84-9ABFD1E70994}"
EndProject
Global
	GlobalSection(SolutionConfigurationPlatforms) = preSolution
		Debug|Any CPU = Debug|Any CPU
		Release|Any CPU = Release|Any CPU
	EndGlobalSection
	GlobalSection(ProjectConfigurationPlatforms) = postSolution
		{623E2F8F-D833-4B2A-8E84-9ABFD1E70994}.Debug|Any CPU.ActiveCfg = Debug|Any CPU
		{623E2F8F-D833-4B2A-8E84-9ABFD1E70994}.Debug|Any CPU.Build.0 = Debug|Any CPU
		{623E2F8F-D833-4B2A-8E84-9ABFD1E70994}.Release|Any CPU.ActiveCfg = Release|Any CPU
		{623E2F8F-D833-4B2A-8E84-9ABFD1E70994}.Release|Any CPU.Build.0 = Release|Any CPU
	EndGlobalSection
	GlobalSection(SolutionProperties) = preSolution
		HideSolutionNode = FALSE
	EndGlobalSection
	GlobalSection(ExtensibilityGlobals) = postSolution
		SolutionGuid = {A91F9B44-6A72-4824-AFA7-DE5CCB6B259B}
	EndGlobalSection
EndGlobal
