
Microsoft Visual Studio Solution File, Format Version 12.00
# Visual Studio Version 17
VisualStudioVersion = 17.7.34024.191
MinimumVisualStudioVersion = 10.0.40219.1
Project("{FAE04EC0-301F-11D3-BF4B-00C04F79EFBC}") = "Easy-04092023", "Easy-04092023\Easy-04092023.csproj", "{81F34969-C28E-45AB-93C6-4A9D11C15E5F}"
EndProject
Global
	GlobalSection(SolutionConfigurationPlatforms) = preSolution
		Debug|Any CPU = Debug|Any CPU
		Release|Any CPU = Release|Any CPU
	EndGlobalSection
	GlobalSection(ProjectConfigurationPlatforms) = postSolution
		{81F34969-C28E-45AB-93C6-4A9D11C15E5F}.Debug|Any CPU.ActiveCfg = Debug|Any CPU
		{81F34969-C28E-45AB-93C6-4A9D11C15E5F}.Debug|Any CPU.Build.0 = Debug|Any CPU
		{81F34969-C28E-45AB-93C6-4A9D11C15E5F}.Release|Any CPU.ActiveCfg = Release|Any CPU
		{81F34969-C28E-45AB-93C6-4A9D11C15E5F}.Release|Any CPU.Build.0 = Release|Any CPU
	EndGlobalSection
	GlobalSection(SolutionProperties) = preSolution
		HideSolutionNode = FALSE
	EndGlobalSection
	GlobalSection(ExtensibilityGlobals) = postSolution
		SolutionGuid = {59C56C88-6B01-4FE3-A6D1-231FDAE45F68}
	EndGlobalSection
EndGlobal
