
Microsoft Visual Studio Solution File, Format Version 12.00
# Visual Studio Version 17
VisualStudioVersion = 17.7.34024.191
MinimumVisualStudioVersion = 10.0.40219.1
Project("{FAE04EC0-301F-11D3-BF4B-00C04F79EFBC}") = "DynamicProgrammingDemo", "DynamicProgrammingDemo\DynamicProgrammingDemo.csproj", "{7FBA9B04-F0E3-48D2-8AA5-CFCF9D526E43}"
EndProject
Global
	GlobalSection(SolutionConfigurationPlatforms) = preSolution
		Debug|Any CPU = Debug|Any CPU
		Release|Any CPU = Release|Any CPU
	EndGlobalSection
	GlobalSection(ProjectConfigurationPlatforms) = postSolution
		{7FBA9B04-F0E3-48D2-8AA5-CFCF9D526E43}.Debug|Any CPU.ActiveCfg = Debug|Any CPU
		{7FBA9B04-F0E3-48D2-8AA5-CFCF9D526E43}.Debug|Any CPU.Build.0 = Debug|Any CPU
		{7FBA9B04-F0E3-48D2-8AA5-CFCF9D526E43}.Release|Any CPU.ActiveCfg = Release|Any CPU
		{7FBA9B04-F0E3-48D2-8AA5-CFCF9D526E43}.Release|Any CPU.Build.0 = Release|Any CPU
	EndGlobalSection
	GlobalSection(SolutionProperties) = preSolution
		HideSolutionNode = FALSE
	EndGlobalSection
	GlobalSection(ExtensibilityGlobals) = postSolution
		SolutionGuid = {C89DCDA9-6636-4B6E-B3D8-817D64F2B2B9}
	EndGlobalSection
EndGlobal
