
Microsoft Visual Studio Solution File, Format Version 12.00
# Visual Studio Version 17
VisualStudioVersion = 17.0.31919.166
MinimumVisualStudioVersion = 10.0.40219.1
Project("{9A19103F-16F7-4668-BE54-9A1E7A4F7556}") = "PermutationsNoRepetitions", "PermutationsNoRepetitions\PermutationsNoRepetitions.csproj", "{28171EA2-583B-4CA0-B30F-23C43BC5FEF2}"
EndProject
Project("{9A19103F-16F7-4668-BE54-9A1E7A4F7556}") = "Cinema", "Cinema\Cinema.csproj", "{B40E1A19-59CE-4D48-A136-157AFF7C6B72}"
EndProject
Project("{9A19103F-16F7-4668-BE54-9A1E7A4F7556}") = "SchoolTeams", "SchoolTeams\SchoolTeams.csproj", "{BBDA454B-C013-4300-ADD5-7D99A1B71C66}"
EndProject
Global
	GlobalSection(SolutionConfigurationPlatforms) = preSolution
		Debug|Any CPU = Debug|Any CPU
		Release|Any CPU = Release|Any CPU
	EndGlobalSection
	GlobalSection(ProjectConfigurationPlatforms) = postSolution
		{28171EA2-583B-4CA0-B30F-23C43BC5FEF2}.Debug|Any CPU.ActiveCfg = Debug|Any CPU
		{28171EA2-583B-4CA0-B30F-23C43BC5FEF2}.Debug|Any CPU.Build.0 = Debug|Any CPU
		{28171EA2-583B-4CA0-B30F-23C43BC5FEF2}.Release|Any CPU.ActiveCfg = Release|Any CPU
		{28171EA2-583B-4CA0-B30F-23C43BC5FEF2}.Release|Any CPU.Build.0 = Release|Any CPU
		{B40E1A19-59CE-4D48-A136-157AFF7C6B72}.Debug|Any CPU.ActiveCfg = Debug|Any CPU
		{B40E1A19-59CE-4D48-A136-157AFF7C6B72}.Debug|Any CPU.Build.0 = Debug|Any CPU
		{B40E1A19-59CE-4D48-A136-157AFF7C6B72}.Release|Any CPU.ActiveCfg = Release|Any CPU
		{B40E1A19-59CE-4D48-A136-157AFF7C6B72}.Release|Any CPU.Build.0 = Release|Any CPU
		{BBDA454B-C013-4300-ADD5-7D99A1B71C66}.Debug|Any CPU.ActiveCfg = Debug|Any CPU
		{BBDA454B-C013-4300-ADD5-7D99A1B71C66}.Debug|Any CPU.Build.0 = Debug|Any CPU
		{BBDA454B-C013-4300-ADD5-7D99A1B71C66}.Release|Any CPU.ActiveCfg = Release|Any CPU
		{BBDA454B-C013-4300-ADD5-7D99A1B71C66}.Release|Any CPU.Build.0 = Release|Any CPU
	EndGlobalSection
	GlobalSection(SolutionProperties) = preSolution
		HideSolutionNode = FALSE
	EndGlobalSection
	GlobalSection(ExtensibilityGlobals) = postSolution
		SolutionGuid = {257DBF52-169A-407B-840B-4A48D4E94E65}
	EndGlobalSection
EndGlobal
