
Microsoft Visual Studio Solution File, Format Version 12.00
# Visual Studio Version 17
VisualStudioVersion = 17.7.34024.191
MinimumVisualStudioVersion = 10.0.40219.1
Project("{FAE04EC0-301F-11D3-BF4B-00C04F79EFBC}") = "Human", "Human\Human.csproj", "{AF560BB9-FE57-42F9-992F-ED168E6F3692}"
EndProject
Global
	GlobalSection(SolutionConfigurationPlatforms) = preSolution
		Debug|Any CPU = Debug|Any CPU
		Release|Any CPU = Release|Any CPU
	EndGlobalSection
	GlobalSection(ProjectConfigurationPlatforms) = postSolution
		{AF560BB9-FE57-42F9-992F-ED168E6F3692}.Debug|Any CPU.ActiveCfg = Debug|Any CPU
		{AF560BB9-FE57-42F9-992F-ED168E6F3692}.Debug|Any CPU.Build.0 = Debug|Any CPU
		{AF560BB9-FE57-42F9-992F-ED168E6F3692}.Release|Any CPU.ActiveCfg = Release|Any CPU
		{AF560BB9-FE57-42F9-992F-ED168E6F3692}.Release|Any CPU.Build.0 = Release|Any CPU
	EndGlobalSection
	GlobalSection(SolutionProperties) = preSolution
		HideSolutionNode = FALSE
	EndGlobalSection
	GlobalSection(ExtensibilityGlobals) = postSolution
		SolutionGuid = {F9DD7512-B166-4F00-9C6D-10A6736E424F}
	EndGlobalSection
EndGlobal
